
Microsoft Visual Studio Solution File, Format Version 12.00
# Visual Studio Version 17
VisualStudioVersion = 17.13.35931.197 d17.13
MinimumVisualStudioVersion = 10.0.40219.1
Project("{FAE04EC0-301F-11D3-BF4B-00C04F79EFBC}") = "OrderMangement.Web", "OrderMangement.Web\OrderMangement.Web.csproj", "{A81935EA-2D6E-4BC4-AE30-16D7A2E6723E}"
EndProject
Global
	GlobalSection(SolutionConfigurationPlatforms) = preSolution
		Debug|Any CPU = Debug|Any CPU
		Release|Any CPU = Release|Any CPU
	EndGlobalSection
	GlobalSection(ProjectConfigurationPlatforms) = postSolution
		{A81935EA-2D6E-4BC4-AE30-16D7A2E6723E}.Debug|Any CPU.ActiveCfg = Debug|Any CPU
		{A81935EA-2D6E-4BC4-AE30-16D7A2E6723E}.Debug|Any CPU.Build.0 = Debug|Any CPU
		{A81935EA-2D6E-4BC4-AE30-16D7A2E6723E}.Release|Any CPU.ActiveCfg = Release|Any CPU
		{A81935EA-2D6E-4BC4-AE30-16D7A2E6723E}.Release|Any CPU.Build.0 = Release|Any CPU
	EndGlobalSection
	GlobalSection(SolutionProperties) = preSolution
		HideSolutionNode = FALSE
	EndGlobalSection
	GlobalSection(ExtensibilityGlobals) = postSolution
		SolutionGuid = {89B39A73-5CD1-41F3-9AFF-E182D5A2732E}
	EndGlobalSection
EndGlobal
